
Microsoft Visual Studio Solution File, Format Version 12.00
# Visual Studio Version 17
VisualStudioVersion = 17.4.33122.133
MinimumVisualStudioVersion = 10.0.40219.1
Project("{FAE04EC0-301F-11D3-BF4B-00C04F79EFBC}") = "FileWritingTest", "FileWritingTest\FileWritingTest.csproj", "{3D624BB4-4172-4425-B036-2F0D1C390140}"
EndProject
Project("{FAE04EC0-301F-11D3-BF4B-00C04F79EFBC}") = "PersonLib", "PersonLib\PersonLib.csproj", "{01311C72-AC4C-4DCD-A325-465E1A11BEDF}"
EndProject
Project("{FAE04EC0-301F-11D3-BF4B-00C04F79EFBC}") = "PersonLib.Test", "PersonLib.Test\PersonLib.Test.csproj", "{6B9D028E-0A8B-49F2-A6F5-8615E4C252EA}"
EndProject
Global
	GlobalSection(SolutionConfigurationPlatforms) = preSolution
		Debug|Any CPU = Debug|Any CPU
		Release|Any CPU = Release|Any CPU
	EndGlobalSection
	GlobalSection(ProjectConfigurationPlatforms) = postSolution
		{3D624BB4-4172-4425-B036-2F0D1C390140}.Debug|Any CPU.ActiveCfg = Debug|Any CPU
		{3D624BB4-4172-4425-B036-2F0D1C390140}.Debug|Any CPU.Build.0 = Debug|Any CPU
		{3D624BB4-4172-4425-B036-2F0D1C390140}.Release|Any CPU.ActiveCfg = Release|Any CPU
		{3D624BB4-4172-4425-B036-2F0D1C390140}.Release|Any CPU.Build.0 = Release|Any CPU
		{01311C72-AC4C-4DCD-A325-465E1A11BEDF}.Debug|Any CPU.ActiveCfg = Debug|Any CPU
		{01311C72-AC4C-4DCD-A325-465E1A11BEDF}.Debug|Any CPU.Build.0 = Debug|Any CPU
		{01311C72-AC4C-4DCD-A325-465E1A11BEDF}.Release|Any CPU.ActiveCfg = Release|Any CPU
		{01311C72-AC4C-4DCD-A325-465E1A11BEDF}.Release|Any CPU.Build.0 = Release|Any CPU
		{6B9D028E-0A8B-49F2-A6F5-8615E4C252EA}.Debug|Any CPU.ActiveCfg = Debug|Any CPU
		{6B9D028E-0A8B-49F2-A6F5-8615E4C252EA}.Debug|Any CPU.Build.0 = Debug|Any CPU
		{6B9D028E-0A8B-49F2-A6F5-8615E4C252EA}.Release|Any CPU.ActiveCfg = Release|Any CPU
		{6B9D028E-0A8B-49F2-A6F5-8615E4C252EA}.Release|Any CPU.Build.0 = Release|Any CPU
	EndGlobalSection
	GlobalSection(SolutionProperties) = preSolution
		HideSolutionNode = FALSE
	EndGlobalSection
	GlobalSection(ExtensibilityGlobals) = postSolution
		SolutionGuid = {D8ABE436-4D3C-4033-8C27-5EBF91AB9358}
	EndGlobalSection
EndGlobal
